<?xml version="1.0" encoding="UTF-8" standalone="yes" ?>
<CodeBlocks_project_file>
	<FileVersion major="1" minor="6" />
	<Project>
		<Option title="zatcap" />
		<Option pch_mode="2" />
		<Option compiler="gcc" />
		<Build>
			<Target title="Debug">
				<Option output="/media/sf_source/zatcap html/Debug/zatcap" prefix_auto="1" extension_auto="1" />
				<Option working_dir="/media/sf_source/zatcap html/Debug" />
				<Option object_output="linux/obj/Debug/" />
				<Option type="1" />
				<Option compiler="gcc" />
				<Compiler>
					<Add option="-std=c++0x" />
					<Add option="-g" />
					<Add option="-fno-rtti" />
				</Compiler>
				<Linker>
					<Add option="-lSDLmain -lSDL -lSDL_gfx -lSDL_image -lSDL_ttf" />
					<Add option="-lcurl -lGLEW -lawesomium-1-7" />
					<Add library="../../../sf_src/libtwitcurl/libtwitcurl.a" />
				</Linker>
			</Target>
			<Target title="Release">
				<Option output="/media/sf_source/zatcap html/DebugRelease/zatcap" prefix_auto="1" extension_auto="1" />
				<Option working_dir="/media/sf_source/zatcap html/DebugRelease/" />
				<Option object_output="linux/obj/Debug/" />
				<Option type="1" />
				<Option compiler="gcc" />
				<Compiler>
					<Add option="-fomit-frame-pointer" />
					<Add option="-fexpensive-optimizations" />
					<Add option="-O3" />
					<Add option="-O2" />
					<Add option="-std=c++0x" />
					<Add option="-fno-rtti" />
				</Compiler>
				<Linker>
					<Add option="-s" />
					<Add option="-lSDLmain -lSDL -lSDL_gfx -lSDL_image -lSDL_ttf" />
					<Add option="-lcurl /usr/lib/libGLEW.a -lawesomium-1-7" />
					<Add option="-lGL" />
					<Add library="../libtwitcurl/libtwitcurl.a" />
				</Linker>
			</Target>
		</Build>
		<Compiler>
			<Add option="-Wall" />
			<Add option="-DLINUX" />
			<Add directory="/media/sf_src/libtwitcurl" />
			<Add directory="/usr/include/curl" />
			<Add directory="/usr/include/SDL" />
			<Add directory="/media/sf_src/jsoncpp-src-0.5.0/include" />
			<Add directory="/media/sf_src/jsoncpp-src-0.5.0/include/json" />
		</Compiler>
		<Unit filename="AvitarDownloader.cpp" />
		<Unit filename="AvitarDownloader.h" />
		<Unit filename="Awesomium.cpp" />
		<Unit filename="Awesomium.h" />
		<Unit filename="Button.cpp" />
		<Unit filename="Button.h" />
		<Unit filename="Column.cpp" />
		<Unit filename="Column.h" />
		<Unit filename="CustomColumn.cpp" />
		<Unit filename="CustomColumn.h" />
		<Unit filename="HomeColumn.cpp" />
		<Unit filename="HomeColumn.h" />
		<Unit filename="MentionColumn.cpp" />
		<Unit filename="MentionColumn.h" />
		<Unit filename="Process.h" />
		<Unit filename="TimedEventProcess.cpp" />
		<Unit filename="TimedEventProcess.h" />
		<Unit filename="Tweet.cpp" />
		<Unit filename="Tweet.h" />
		<Unit filename="WaitIndicator.cpp" />
		<Unit filename="WaitIndicator.h" />
		<Unit filename="file.cpp" />
		<Unit filename="file.h" />
		<Unit filename="gl_texture_surface.cc" />
		<Unit filename="gl_texture_surface.h" />
		<Unit filename="json_batchallocator.h" />
		<Unit filename="json_internalarray.inl" />
		<Unit filename="json_internalmap.inl" />
		<Unit filename="json_reader.cpp" />
		<Unit filename="json_value.cpp" />
		<Unit filename="json_valueiterator.inl" />
		<Unit filename="json_writer.cpp" />
		<Unit filename="stream.cpp" />
		<Unit filename="stream.h" />
		<Unit filename="twitter.cpp" />
		<Unit filename="twitter.h" />
		<Unit filename="zatcap.cpp" />
		<Unit filename="zatcap.h" />
		<Extensions>
			<code_completion />
			<debugger />
		</Extensions>
	</Project>
</CodeBlocks_project_file>
